
Microsoft Visual Studio Solution File, Format Version 12.00
# Visual Studio Version 17
VisualStudioVersion = 17.9.34902.65
MinimumVisualStudioVersion = 10.0.40219.1
Project("{2150E333-8FDC-42A3-9474-1A3956D46DE8}") = "FrontEnd", "FrontEnd", "{6D8F3A3F-BA03-474E-BA01-FCF85D50BE14}"
EndProject
Project("{2150E333-8FDC-42A3-9474-1A3956D46DE8}") = "Gateway", "Gateway", "{5AA9E54B-0486-477B-B620-423350F4FEEC}"
EndProject
Project("{2150E333-8FDC-42A3-9474-1A3956D46DE8}") = "BackEnd", "BackEnd", "{04BB5789-B253-41A3-8530-79552EC4CA9A}"
EndProject
Project("{2150E333-8FDC-42A3-9474-1A3956D46DE8}") = "Libraries", "Libraries", "{982EE991-A3F2-42D9-90C7-E8E7D920CC49}"
EndProject
Project("{9A19103F-16F7-4668-BE54-9A1E7A4F7556}") = "Utils", "Libraries\Utils\Utils.csproj", "{552E2FAA-93DD-485B-8E3F-B2EFD09A016B}"
EndProject
Project("{9A19103F-16F7-4668-BE54-9A1E7A4F7556}") = "GatewaySolution", "Gateway\GatewaySolution\GatewaySolution.csproj", "{C614B1AE-A7CE-4CC1-AAC2-F962C80C4EF3}"
EndProject
Project("{2150E333-8FDC-42A3-9474-1A3956D46DE8}") = "BackgroundServices", "BackgroundServices", "{A60DF327-8055-4885-B173-68D23A86569D}"
EndProject
Project("{E53339B2-1760-4266-BCC7-CA923CBCF16C}") = "docker-compose", "docker-compose.dcproj", "{DD897CEB-70AF-41C7-AF53-E6C84E743BB9}"
EndProject
Project("{9A19103F-16F7-4668-BE54-9A1E7A4F7556}") = "WEB.APP", "FrontEnd\WEB.APP.csproj", "{6D9DCB7A-6F96-408C-A031-D3235ED3716D}"
EndProject
Project("{2150E333-8FDC-42A3-9474-1A3956D46DE8}") = "Service", "Service", "{F050F203-B211-41E9-906B-435A3FB1CE65}"
EndProject
Project("{2150E333-8FDC-42A3-9474-1A3956D46DE8}") = "_SolutionConfig", "_SolutionConfig", "{AB1DA765-EC30-4757-A5EB-B41E27BA4790}"
	ProjectSection(SolutionItems) = preProject
		Directory.Build.props = Directory.Build.props
	EndProjectSection
EndProject
Project("{9A19103F-16F7-4668-BE54-9A1E7A4F7556}") = "Service.CronJob", "Service\BackgroundServices\Service.CronJob\Service.CronJob.csproj", "{C550D0A0-3C77-464D-8099-E7EC23F97B32}"
EndProject
Project("{9A19103F-16F7-4668-BE54-9A1E7A4F7556}") = "Service.Email", "Service\BackgroundServices\Service.Email\Service.Email.csproj", "{24C75FF3-6C8E-423F-B88D-9CA67547DACB}"
EndProject
Project("{9A19103F-16F7-4668-BE54-9A1E7A4F7556}") = "Service.Excel", "Service\BackgroundServices\Service.Excel\Service.Excel\Service.Excel.csproj", "{4E139C10-6484-455B-B396-00A56DB75AB8}"
EndProject
Project("{9A19103F-16F7-4668-BE54-9A1E7A4F7556}") = "Service.PDF", "Service\BackgroundServices\Service.PDF\Service.PDF.csproj", "{3BB4AECF-33F9-4EB6-B101-A2EA88E6A372}"
EndProject
Project("{9A19103F-16F7-4668-BE54-9A1E7A4F7556}") = "Service.Upload", "Service\BackgroundServices\Service.Upload\Service.Upload.csproj", "{205CE5A6-6D93-4E3E-973A-CC5820F002EA}"
EndProject
Project("{2150E333-8FDC-42A3-9474-1A3956D46DE8}") = "_Dashboard", "_Dashboard", "{DED57044-2A2D-44A8-9223-F236679FE9E0}"
EndProject
Project("{9A19103F-16F7-4668-BE54-9A1E7A4F7556}") = "DashboardAspire", "..\DashboardAspire\DashboardAspire.csproj", "{F18F0C62-03AF-4C49-8A4B-4FF3D8FC04A9}"
EndProject
Project("{9A19103F-16F7-4668-BE54-9A1E7A4F7556}") = "Aspire.ServiceDefaults", "DashboardAspire\Aspire.ServiceDefaults\Aspire.ServiceDefaults\Aspire.ServiceDefaults.csproj", "{A5BE0B67-5413-4DB8-BCA4-ABB5EC60059D}"
EndProject
Project("{2150E333-8FDC-42A3-9474-1A3956D46DE8}") = "Authentication", "Authentication", "{46FC3199-505A-4C0F-A590-7905AB02C74C}"
EndProject
Project("{9A19103F-16F7-4668-BE54-9A1E7A4F7556}") = "ApplicationPostgreSQLDB", "Service\Auth\Database\ApplicationPostgreSQLDB\ApplicationPostgreSQLDB.csproj", "{54BDD52D-7F42-4F48-B957-3158F1F32DD6}"
EndProject
Project("{9A19103F-16F7-4668-BE54-9A1E7A4F7556}") = "Authentication", "Service\Auth\Services\Authentication\Authentication.csproj", "{0EAA230B-31F9-40C5-8B8B-07B64B086D0D}"
EndProject
Global
	GlobalSection(SolutionConfigurationPlatforms) = preSolution
		Debug|Any CPU = Debug|Any CPU
		Release|Any CPU = Release|Any CPU
	EndGlobalSection
	GlobalSection(ProjectConfigurationPlatforms) = postSolution
		{552E2FAA-93DD-485B-8E3F-B2EFD09A016B}.Debug|Any CPU.ActiveCfg = Debug|Any CPU
		{552E2FAA-93DD-485B-8E3F-B2EFD09A016B}.Debug|Any CPU.Build.0 = Debug|Any CPU
		{552E2FAA-93DD-485B-8E3F-B2EFD09A016B}.Release|Any CPU.ActiveCfg = Release|Any CPU
		{552E2FAA-93DD-485B-8E3F-B2EFD09A016B}.Release|Any CPU.Build.0 = Release|Any CPU
		{C614B1AE-A7CE-4CC1-AAC2-F962C80C4EF3}.Debug|Any CPU.ActiveCfg = Debug|Any CPU
		{C614B1AE-A7CE-4CC1-AAC2-F962C80C4EF3}.Debug|Any CPU.Build.0 = Debug|Any CPU
		{C614B1AE-A7CE-4CC1-AAC2-F962C80C4EF3}.Release|Any CPU.ActiveCfg = Release|Any CPU
		{C614B1AE-A7CE-4CC1-AAC2-F962C80C4EF3}.Release|Any CPU.Build.0 = Release|Any CPU
		{DD897CEB-70AF-41C7-AF53-E6C84E743BB9}.Debug|Any CPU.ActiveCfg = Debug|Any CPU
		{DD897CEB-70AF-41C7-AF53-E6C84E743BB9}.Debug|Any CPU.Build.0 = Debug|Any CPU
		{DD897CEB-70AF-41C7-AF53-E6C84E743BB9}.Release|Any CPU.ActiveCfg = Release|Any CPU
		{DD897CEB-70AF-41C7-AF53-E6C84E743BB9}.Release|Any CPU.Build.0 = Release|Any CPU
		{6D9DCB7A-6F96-408C-A031-D3235ED3716D}.Debug|Any CPU.ActiveCfg = Debug|Any CPU
		{6D9DCB7A-6F96-408C-A031-D3235ED3716D}.Debug|Any CPU.Build.0 = Debug|Any CPU
		{6D9DCB7A-6F96-408C-A031-D3235ED3716D}.Release|Any CPU.ActiveCfg = Release|Any CPU
		{6D9DCB7A-6F96-408C-A031-D3235ED3716D}.Release|Any CPU.Build.0 = Release|Any CPU
		{C550D0A0-3C77-464D-8099-E7EC23F97B32}.Debug|Any CPU.ActiveCfg = Debug|Any CPU
		{C550D0A0-3C77-464D-8099-E7EC23F97B32}.Debug|Any CPU.Build.0 = Debug|Any CPU
		{C550D0A0-3C77-464D-8099-E7EC23F97B32}.Release|Any CPU.ActiveCfg = Release|Any CPU
		{C550D0A0-3C77-464D-8099-E7EC23F97B32}.Release|Any CPU.Build.0 = Release|Any CPU
		{24C75FF3-6C8E-423F-B88D-9CA67547DACB}.Debug|Any CPU.ActiveCfg = Debug|Any CPU
		{24C75FF3-6C8E-423F-B88D-9CA67547DACB}.Debug|Any CPU.Build.0 = Debug|Any CPU
		{24C75FF3-6C8E-423F-B88D-9CA67547DACB}.Release|Any CPU.ActiveCfg = Release|Any CPU
		{24C75FF3-6C8E-423F-B88D-9CA67547DACB}.Release|Any CPU.Build.0 = Release|Any CPU
		{4E139C10-6484-455B-B396-00A56DB75AB8}.Debug|Any CPU.ActiveCfg = Debug|Any CPU
		{4E139C10-6484-455B-B396-00A56DB75AB8}.Debug|Any CPU.Build.0 = Debug|Any CPU
		{4E139C10-6484-455B-B396-00A56DB75AB8}.Release|Any CPU.ActiveCfg = Release|Any CPU
		{4E139C10-6484-455B-B396-00A56DB75AB8}.Release|Any CPU.Build.0 = Release|Any CPU
		{3BB4AECF-33F9-4EB6-B101-A2EA88E6A372}.Debug|Any CPU.ActiveCfg = Debug|Any CPU
		{3BB4AECF-33F9-4EB6-B101-A2EA88E6A372}.Debug|Any CPU.Build.0 = Debug|Any CPU
		{3BB4AECF-33F9-4EB6-B101-A2EA88E6A372}.Release|Any CPU.ActiveCfg = Release|Any CPU
		{3BB4AECF-33F9-4EB6-B101-A2EA88E6A372}.Release|Any CPU.Build.0 = Release|Any CPU
		{205CE5A6-6D93-4E3E-973A-CC5820F002EA}.Debug|Any CPU.ActiveCfg = Debug|Any CPU
		{205CE5A6-6D93-4E3E-973A-CC5820F002EA}.Debug|Any CPU.Build.0 = Debug|Any CPU
		{205CE5A6-6D93-4E3E-973A-CC5820F002EA}.Release|Any CPU.ActiveCfg = Release|Any CPU
		{205CE5A6-6D93-4E3E-973A-CC5820F002EA}.Release|Any CPU.Build.0 = Release|Any CPU
		{F18F0C62-03AF-4C49-8A4B-4FF3D8FC04A9}.Debug|Any CPU.ActiveCfg = Debug|Any CPU
		{F18F0C62-03AF-4C49-8A4B-4FF3D8FC04A9}.Debug|Any CPU.Build.0 = Debug|Any CPU
		{F18F0C62-03AF-4C49-8A4B-4FF3D8FC04A9}.Release|Any CPU.ActiveCfg = Release|Any CPU
		{F18F0C62-03AF-4C49-8A4B-4FF3D8FC04A9}.Release|Any CPU.Build.0 = Release|Any CPU
		{A5BE0B67-5413-4DB8-BCA4-ABB5EC60059D}.Debug|Any CPU.ActiveCfg = Debug|Any CPU
		{A5BE0B67-5413-4DB8-BCA4-ABB5EC60059D}.Debug|Any CPU.Build.0 = Debug|Any CPU
		{A5BE0B67-5413-4DB8-BCA4-ABB5EC60059D}.Release|Any CPU.ActiveCfg = Release|Any CPU
		{A5BE0B67-5413-4DB8-BCA4-ABB5EC60059D}.Release|Any CPU.Build.0 = Release|Any CPU
		{54BDD52D-7F42-4F48-B957-3158F1F32DD6}.Debug|Any CPU.ActiveCfg = Debug|Any CPU
		{54BDD52D-7F42-4F48-B957-3158F1F32DD6}.Debug|Any CPU.Build.0 = Debug|Any CPU
		{54BDD52D-7F42-4F48-B957-3158F1F32DD6}.Release|Any CPU.ActiveCfg = Release|Any CPU
		{54BDD52D-7F42-4F48-B957-3158F1F32DD6}.Release|Any CPU.Build.0 = Release|Any CPU
		{0EAA230B-31F9-40C5-8B8B-07B64B086D0D}.Debug|Any CPU.ActiveCfg = Debug|Any CPU
		{0EAA230B-31F9-40C5-8B8B-07B64B086D0D}.Debug|Any CPU.Build.0 = Debug|Any CPU
		{0EAA230B-31F9-40C5-8B8B-07B64B086D0D}.Release|Any CPU.ActiveCfg = Release|Any CPU
		{0EAA230B-31F9-40C5-8B8B-07B64B086D0D}.Release|Any CPU.Build.0 = Release|Any CPU
	EndGlobalSection
	GlobalSection(SolutionProperties) = preSolution
		HideSolutionNode = FALSE
	EndGlobalSection
	GlobalSection(NestedProjects) = preSolution
		{552E2FAA-93DD-485B-8E3F-B2EFD09A016B} = {982EE991-A3F2-42D9-90C7-E8E7D920CC49}
		{C614B1AE-A7CE-4CC1-AAC2-F962C80C4EF3} = {5AA9E54B-0486-477B-B620-423350F4FEEC}
		{A60DF327-8055-4885-B173-68D23A86569D} = {04BB5789-B253-41A3-8530-79552EC4CA9A}
		{6D9DCB7A-6F96-408C-A031-D3235ED3716D} = {6D8F3A3F-BA03-474E-BA01-FCF85D50BE14}
		{F050F203-B211-41E9-906B-435A3FB1CE65} = {04BB5789-B253-41A3-8530-79552EC4CA9A}
		{C550D0A0-3C77-464D-8099-E7EC23F97B32} = {A60DF327-8055-4885-B173-68D23A86569D}
		{24C75FF3-6C8E-423F-B88D-9CA67547DACB} = {A60DF327-8055-4885-B173-68D23A86569D}
		{4E139C10-6484-455B-B396-00A56DB75AB8} = {A60DF327-8055-4885-B173-68D23A86569D}
		{3BB4AECF-33F9-4EB6-B101-A2EA88E6A372} = {A60DF327-8055-4885-B173-68D23A86569D}
		{205CE5A6-6D93-4E3E-973A-CC5820F002EA} = {A60DF327-8055-4885-B173-68D23A86569D}
		{F18F0C62-03AF-4C49-8A4B-4FF3D8FC04A9} = {DED57044-2A2D-44A8-9223-F236679FE9E0}
		{A5BE0B67-5413-4DB8-BCA4-ABB5EC60059D} = {982EE991-A3F2-42D9-90C7-E8E7D920CC49}
		{46FC3199-505A-4C0F-A590-7905AB02C74C} = {F050F203-B211-41E9-906B-435A3FB1CE65}
		{54BDD52D-7F42-4F48-B957-3158F1F32DD6} = {46FC3199-505A-4C0F-A590-7905AB02C74C}
		{0EAA230B-31F9-40C5-8B8B-07B64B086D0D} = {46FC3199-505A-4C0F-A590-7905AB02C74C}
	EndGlobalSection
	GlobalSection(ExtensibilityGlobals) = postSolution
		SolutionGuid = {125187A8-A848-410A-9451-657AF4E882CD}
	EndGlobalSection
EndGlobal
