
Microsoft Visual Studio Solution File, Format Version 12.00
# Visual Studio Version 17
VisualStudioVersion = 17.9.34902.65
MinimumVisualStudioVersion = 10.0.40219.1
Project("{2150E333-8FDC-42A3-9474-1A3956D46DE8}") = "FrontEnd", "FrontEnd", "{6D8F3A3F-BA03-474E-BA01-FCF85D50BE14}"
EndProject
Project("{2150E333-8FDC-42A3-9474-1A3956D46DE8}") = "Gateway", "Gateway", "{5AA9E54B-0486-477B-B620-423350F4FEEC}"
EndProject
Project("{2150E333-8FDC-42A3-9474-1A3956D46DE8}") = "BackEnd", "BackEnd", "{04BB5789-B253-41A3-8530-79552EC4CA9A}"
EndProject
Project("{2150E333-8FDC-42A3-9474-1A3956D46DE8}") = "Libraries", "Libraries", "{982EE991-A3F2-42D9-90C7-E8E7D920CC49}"
EndProject
Project("{9A19103F-16F7-4668-BE54-9A1E7A4F7556}") = "Utils", "Libraries\Utils\Utils.csproj", "{552E2FAA-93DD-485B-8E3F-B2EFD09A016B}"
EndProject
Project("{9A19103F-16F7-4668-BE54-9A1E7A4F7556}") = "GatewaySolution", "Gateway\GatewaySolution\GatewaySolution.csproj", "{C614B1AE-A7CE-4CC1-AAC2-F962C80C4EF3}"
EndProject
Project("{9A19103F-16F7-4668-BE54-9A1E7A4F7556}") = "Service.Excel", "BackEnd\Service.Excel\Service.Excel\Service.Excel.csproj", "{6634A6CB-CF5A-4885-B86C-0221F2D11CB1}"
EndProject
Project("{2150E333-8FDC-42A3-9474-1A3956D46DE8}") = "BackgroundServices", "BackgroundServices", "{A60DF327-8055-4885-B173-68D23A86569D}"
EndProject
Project("{9A19103F-16F7-4668-BE54-9A1E7A4F7556}") = "Service.PDF", "BackEnd\Service.PDF\Service.PDF.csproj", "{5FAEA4B3-9B84-42E8-8815-3D39F1DD7D46}"
EndProject
Project("{9A19103F-16F7-4668-BE54-9A1E7A4F7556}") = "Service.Email", "BackEnd\Service.Email\Service.Email.csproj", "{9F51E6C2-5D8B-4D64-8B28-B9AE1BD35B72}"
EndProject
Project("{9A19103F-16F7-4668-BE54-9A1E7A4F7556}") = "Service.Upload", "BackEnd\Service.Upload\Service.Upload.csproj", "{5D27B0A7-816D-4292-816D-63705F5B1AFB}"
EndProject
Project("{E53339B2-1760-4266-BCC7-CA923CBCF16C}") = "docker-compose", "docker-compose.dcproj", "{DD897CEB-70AF-41C7-AF53-E6C84E743BB9}"
EndProject
Project("{9A19103F-16F7-4668-BE54-9A1E7A4F7556}") = "Service.CronJob", "BackEnd\Service.CronJob\Service.CronJob.csproj", "{B5F3F0A0-6520-4D22-9E8B-0A6B4DAFA170}"
EndProject
Project("{9A19103F-16F7-4668-BE54-9A1E7A4F7556}") = "WEB.APP", "FrontEnd\WEB.APP\WEB.APP.csproj", "{6D9DCB7A-6F96-408C-A031-D3235ED3716D}"
EndProject
Project("{2150E333-8FDC-42A3-9474-1A3956D46DE8}") = "API", "API", "{F050F203-B211-41E9-906B-435A3FB1CE65}"
EndProject
Project("{2150E333-8FDC-42A3-9474-1A3956D46DE8}") = "_SolutionConfig", "_SolutionConfig", "{AB1DA765-EC30-4757-A5EB-B41E27BA4790}"
	ProjectSection(SolutionItems) = preProject
		Directory.Build.props = Directory.Build.props
	EndProjectSection
EndProject
Project("{FAE04EC0-301F-11D3-BF4B-00C04F79EFBC}") = "Identity.API", "BackEnd\Identity.API\Identity.API.csproj", "{72D53CAD-CD0D-4021-B559-1783B4608A31}"
EndProject
Global
	GlobalSection(SolutionConfigurationPlatforms) = preSolution
		Debug|Any CPU = Debug|Any CPU
		Release|Any CPU = Release|Any CPU
	EndGlobalSection
	GlobalSection(ProjectConfigurationPlatforms) = postSolution
		{552E2FAA-93DD-485B-8E3F-B2EFD09A016B}.Debug|Any CPU.ActiveCfg = Debug|Any CPU
		{552E2FAA-93DD-485B-8E3F-B2EFD09A016B}.Debug|Any CPU.Build.0 = Debug|Any CPU
		{552E2FAA-93DD-485B-8E3F-B2EFD09A016B}.Release|Any CPU.ActiveCfg = Release|Any CPU
		{552E2FAA-93DD-485B-8E3F-B2EFD09A016B}.Release|Any CPU.Build.0 = Release|Any CPU
		{C614B1AE-A7CE-4CC1-AAC2-F962C80C4EF3}.Debug|Any CPU.ActiveCfg = Debug|Any CPU
		{C614B1AE-A7CE-4CC1-AAC2-F962C80C4EF3}.Debug|Any CPU.Build.0 = Debug|Any CPU
		{C614B1AE-A7CE-4CC1-AAC2-F962C80C4EF3}.Release|Any CPU.ActiveCfg = Release|Any CPU
		{C614B1AE-A7CE-4CC1-AAC2-F962C80C4EF3}.Release|Any CPU.Build.0 = Release|Any CPU
		{6634A6CB-CF5A-4885-B86C-0221F2D11CB1}.Debug|Any CPU.ActiveCfg = Debug|Any CPU
		{6634A6CB-CF5A-4885-B86C-0221F2D11CB1}.Debug|Any CPU.Build.0 = Debug|Any CPU
		{6634A6CB-CF5A-4885-B86C-0221F2D11CB1}.Release|Any CPU.ActiveCfg = Release|Any CPU
		{6634A6CB-CF5A-4885-B86C-0221F2D11CB1}.Release|Any CPU.Build.0 = Release|Any CPU
		{5FAEA4B3-9B84-42E8-8815-3D39F1DD7D46}.Debug|Any CPU.ActiveCfg = Debug|Any CPU
		{5FAEA4B3-9B84-42E8-8815-3D39F1DD7D46}.Debug|Any CPU.Build.0 = Debug|Any CPU
		{5FAEA4B3-9B84-42E8-8815-3D39F1DD7D46}.Release|Any CPU.ActiveCfg = Release|Any CPU
		{5FAEA4B3-9B84-42E8-8815-3D39F1DD7D46}.Release|Any CPU.Build.0 = Release|Any CPU
		{9F51E6C2-5D8B-4D64-8B28-B9AE1BD35B72}.Debug|Any CPU.ActiveCfg = Debug|Any CPU
		{9F51E6C2-5D8B-4D64-8B28-B9AE1BD35B72}.Debug|Any CPU.Build.0 = Debug|Any CPU
		{9F51E6C2-5D8B-4D64-8B28-B9AE1BD35B72}.Release|Any CPU.ActiveCfg = Release|Any CPU
		{9F51E6C2-5D8B-4D64-8B28-B9AE1BD35B72}.Release|Any CPU.Build.0 = Release|Any CPU
		{5D27B0A7-816D-4292-816D-63705F5B1AFB}.Debug|Any CPU.ActiveCfg = Debug|Any CPU
		{5D27B0A7-816D-4292-816D-63705F5B1AFB}.Debug|Any CPU.Build.0 = Debug|Any CPU
		{5D27B0A7-816D-4292-816D-63705F5B1AFB}.Release|Any CPU.ActiveCfg = Release|Any CPU
		{5D27B0A7-816D-4292-816D-63705F5B1AFB}.Release|Any CPU.Build.0 = Release|Any CPU
		{DD897CEB-70AF-41C7-AF53-E6C84E743BB9}.Debug|Any CPU.ActiveCfg = Debug|Any CPU
		{DD897CEB-70AF-41C7-AF53-E6C84E743BB9}.Debug|Any CPU.Build.0 = Debug|Any CPU
		{DD897CEB-70AF-41C7-AF53-E6C84E743BB9}.Release|Any CPU.ActiveCfg = Release|Any CPU
		{DD897CEB-70AF-41C7-AF53-E6C84E743BB9}.Release|Any CPU.Build.0 = Release|Any CPU
		{B5F3F0A0-6520-4D22-9E8B-0A6B4DAFA170}.Debug|Any CPU.ActiveCfg = Debug|Any CPU
		{B5F3F0A0-6520-4D22-9E8B-0A6B4DAFA170}.Debug|Any CPU.Build.0 = Debug|Any CPU
		{B5F3F0A0-6520-4D22-9E8B-0A6B4DAFA170}.Release|Any CPU.ActiveCfg = Release|Any CPU
		{B5F3F0A0-6520-4D22-9E8B-0A6B4DAFA170}.Release|Any CPU.Build.0 = Release|Any CPU
		{6D9DCB7A-6F96-408C-A031-D3235ED3716D}.Debug|Any CPU.ActiveCfg = Debug|Any CPU
		{6D9DCB7A-6F96-408C-A031-D3235ED3716D}.Debug|Any CPU.Build.0 = Debug|Any CPU
		{6D9DCB7A-6F96-408C-A031-D3235ED3716D}.Release|Any CPU.ActiveCfg = Release|Any CPU
		{6D9DCB7A-6F96-408C-A031-D3235ED3716D}.Release|Any CPU.Build.0 = Release|Any CPU
		{72D53CAD-CD0D-4021-B559-1783B4608A31}.Debug|Any CPU.ActiveCfg = Debug|Any CPU
		{72D53CAD-CD0D-4021-B559-1783B4608A31}.Debug|Any CPU.Build.0 = Debug|Any CPU
		{72D53CAD-CD0D-4021-B559-1783B4608A31}.Release|Any CPU.ActiveCfg = Release|Any CPU
		{72D53CAD-CD0D-4021-B559-1783B4608A31}.Release|Any CPU.Build.0 = Release|Any CPU
	EndGlobalSection
	GlobalSection(SolutionProperties) = preSolution
		HideSolutionNode = FALSE
	EndGlobalSection
	GlobalSection(NestedProjects) = preSolution
		{552E2FAA-93DD-485B-8E3F-B2EFD09A016B} = {982EE991-A3F2-42D9-90C7-E8E7D920CC49}
		{C614B1AE-A7CE-4CC1-AAC2-F962C80C4EF3} = {5AA9E54B-0486-477B-B620-423350F4FEEC}
		{6634A6CB-CF5A-4885-B86C-0221F2D11CB1} = {A60DF327-8055-4885-B173-68D23A86569D}
		{A60DF327-8055-4885-B173-68D23A86569D} = {04BB5789-B253-41A3-8530-79552EC4CA9A}
		{5FAEA4B3-9B84-42E8-8815-3D39F1DD7D46} = {A60DF327-8055-4885-B173-68D23A86569D}
		{9F51E6C2-5D8B-4D64-8B28-B9AE1BD35B72} = {A60DF327-8055-4885-B173-68D23A86569D}
		{5D27B0A7-816D-4292-816D-63705F5B1AFB} = {A60DF327-8055-4885-B173-68D23A86569D}
		{B5F3F0A0-6520-4D22-9E8B-0A6B4DAFA170} = {A60DF327-8055-4885-B173-68D23A86569D}
		{6D9DCB7A-6F96-408C-A031-D3235ED3716D} = {6D8F3A3F-BA03-474E-BA01-FCF85D50BE14}
		{F050F203-B211-41E9-906B-435A3FB1CE65} = {04BB5789-B253-41A3-8530-79552EC4CA9A}
		{72D53CAD-CD0D-4021-B559-1783B4608A31} = {F050F203-B211-41E9-906B-435A3FB1CE65}
	EndGlobalSection
	GlobalSection(ExtensibilityGlobals) = postSolution
		SolutionGuid = {125187A8-A848-410A-9451-657AF4E882CD}
	EndGlobalSection
EndGlobal
