
Microsoft Visual Studio Solution File, Format Version 12.00
# Visual Studio Version 17
VisualStudioVersion = 17.9.34902.65
MinimumVisualStudioVersion = 10.0.40219.1
Project("{2150E333-8FDC-42A3-9474-1A3956D46DE8}") = "FrontEnd", "FrontEnd", "{6D8F3A3F-BA03-474E-BA01-FCF85D50BE14}"
EndProject
Project("{2150E333-8FDC-42A3-9474-1A3956D46DE8}") = "Gateway", "Gateway", "{5AA9E54B-0486-477B-B620-423350F4FEEC}"
EndProject
Project("{2150E333-8FDC-42A3-9474-1A3956D46DE8}") = "BackEnd", "BackEnd", "{04BB5789-B253-41A3-8530-79552EC4CA9A}"
EndProject
Project("{2150E333-8FDC-42A3-9474-1A3956D46DE8}") = "Libraries", "Libraries", "{982EE991-A3F2-42D9-90C7-E8E7D920CC49}"
EndProject
Project("{9A19103F-16F7-4668-BE54-9A1E7A4F7556}") = "Utils", "Libraries\Utils\Utils.csproj", "{552E2FAA-93DD-485B-8E3F-B2EFD09A016B}"
EndProject
Project("{9A19103F-16F7-4668-BE54-9A1E7A4F7556}") = "Gateway_ocelot_Solution", "Gateway\GatewaySolution\Gateway_ocelot_Solution.csproj", "{C614B1AE-A7CE-4CC1-AAC2-F962C80C4EF3}"
EndProject
Project("{2150E333-8FDC-42A3-9474-1A3956D46DE8}") = "BackgroundServices", "BackgroundServices", "{A60DF327-8055-4885-B173-68D23A86569D}"
EndProject
Project("{E53339B2-1760-4266-BCC7-CA923CBCF16C}") = "docker-compose", "docker-compose.dcproj", "{DD897CEB-70AF-41C7-AF53-E6C84E743BB9}"
EndProject
Project("{9A19103F-16F7-4668-BE54-9A1E7A4F7556}") = "WEB.APP", "FrontEnd\WEB.APP.csproj", "{6D9DCB7A-6F96-408C-A031-D3235ED3716D}"
EndProject
Project("{2150E333-8FDC-42A3-9474-1A3956D46DE8}") = "Service", "Service", "{F050F203-B211-41E9-906B-435A3FB1CE65}"
EndProject
Project("{2150E333-8FDC-42A3-9474-1A3956D46DE8}") = "_SolutionConfig", "_SolutionConfig", "{AB1DA765-EC30-4757-A5EB-B41E27BA4790}"
	ProjectSection(SolutionItems) = preProject
		Directory.Build.props = Directory.Build.props
	EndProjectSection
EndProject
Project("{9A19103F-16F7-4668-BE54-9A1E7A4F7556}") = "Service.CronJob", "Service\BackgroundServices\Service.CronJob\Service.CronJob.csproj", "{C550D0A0-3C77-464D-8099-E7EC23F97B32}"
EndProject
Project("{9A19103F-16F7-4668-BE54-9A1E7A4F7556}") = "Service.Email", "Service\BackgroundServices\Service.Email\Service.Email.csproj", "{24C75FF3-6C8E-423F-B88D-9CA67547DACB}"
EndProject
Project("{9A19103F-16F7-4668-BE54-9A1E7A4F7556}") = "Service.Excel", "Service\BackgroundServices\Service.Excel\Service.Excel\Service.Excel.csproj", "{4E139C10-6484-455B-B396-00A56DB75AB8}"
EndProject
Project("{9A19103F-16F7-4668-BE54-9A1E7A4F7556}") = "Service.PDF", "Service\BackgroundServices\Service.PDF\Service.PDF.csproj", "{3BB4AECF-33F9-4EB6-B101-A2EA88E6A372}"
EndProject
Project("{9A19103F-16F7-4668-BE54-9A1E7A4F7556}") = "Service.Upload", "Service\BackgroundServices\Service.Upload\Service.Upload.csproj", "{205CE5A6-6D93-4E3E-973A-CC5820F002EA}"
EndProject
Project("{2150E333-8FDC-42A3-9474-1A3956D46DE8}") = "_Dashboard", "_Dashboard", "{DED57044-2A2D-44A8-9223-F236679FE9E0}"
EndProject
Project("{9A19103F-16F7-4668-BE54-9A1E7A4F7556}") = "Aspire.ServiceDefaults", "DashboardAspire\Aspire.ServiceDefaults\Aspire.ServiceDefaults\Aspire.ServiceDefaults.csproj", "{A5BE0B67-5413-4DB8-BCA4-ABB5EC60059D}"
EndProject
Project("{2150E333-8FDC-42A3-9474-1A3956D46DE8}") = "Authentication", "Authentication", "{46FC3199-505A-4C0F-A590-7905AB02C74C}"
EndProject
Project("{9A19103F-16F7-4668-BE54-9A1E7A4F7556}") = "ApplicationPostgreSQLDB", "Service\Auth\Database\ApplicationPostgreSQLDB\ApplicationPostgreSQLDB.csproj", "{54BDD52D-7F42-4F48-B957-3158F1F32DD6}"
EndProject
Project("{9A19103F-16F7-4668-BE54-9A1E7A4F7556}") = "Authentication", "Service\Auth\Services\Authentication\Authentication.csproj", "{0EAA230B-31F9-40C5-8B8B-07B64B086D0D}"
EndProject
Project("{2150E333-8FDC-42A3-9474-1A3956D46DE8}") = "Production", "Production", "{D0381205-ED4D-437F-85B2-F3D257ADB977}"
EndProject
Project("{2150E333-8FDC-42A3-9474-1A3956D46DE8}") = "Inventory", "Inventory", "{C0449D6C-4184-4093-A502-72A180B5BAC4}"
EndProject
Project("{2150E333-8FDC-42A3-9474-1A3956D46DE8}") = "Quality", "Quality", "{0248271C-8CB8-492E-877E-4C2681A91062}"
EndProject
Project("{2150E333-8FDC-42A3-9474-1A3956D46DE8}") = "Maintenance", "Maintenance", "{C96DAB73-B2C9-46D5-8528-FF6E6931ECA1}"
EndProject
Project("{9A19103F-16F7-4668-BE54-9A1E7A4F7556}") = "consoleMigration", "Service\Auth\consoleMigration\consoleMigration.csproj", "{67619E4E-5649-49BF-ADCC-77326B01E8E7}"
EndProject
Project("{9A19103F-16F7-4668-BE54-9A1E7A4F7556}") = "DashboardAspire", "DashboardAspire\DashboardAspire\DashboardAspire.csproj", "{BC668242-42C7-4407-ADF1-928124EE6289}"
EndProject
Project("{9A19103F-16F7-4668-BE54-9A1E7A4F7556}") = "InventoryMasterAPI", "Service\Inventory\InventoryMasterAPI\InventoryMasterAPI.csproj", "{0F4E36A0-6F03-4C41-A8E8-855F3928051B}"
EndProject
Project("{2150E333-8FDC-42A3-9474-1A3956D46DE8}") = "DB", "DB", "{950846C0-325C-4633-9B8E-46EAAEB6BDD6}"
EndProject
Project("{2150E333-8FDC-42A3-9474-1A3956D46DE8}") = "DB", "DB", "{4F9ABF67-0E08-4E8D-BE20-E5423FD13941}"
EndProject
Project("{2150E333-8FDC-42A3-9474-1A3956D46DE8}") = "DB", "DB", "{839435DD-6B1A-4CB7-8244-0D02E91D006F}"
EndProject
Project("{2150E333-8FDC-42A3-9474-1A3956D46DE8}") = "DB", "DB", "{A5FEDD70-0B6A-4E20-9289-A1070DAA25C5}"
EndProject
Project("{9A19103F-16F7-4668-BE54-9A1E7A4F7556}") = "InventoryMasterPostgreSQLDB", "Service\Inventory\Database\InventoryMasterPostgreSQLDB\InventoryMasterPostgreSQLDB.csproj", "{D1F32001-8BB6-408A-8B74-555F2A2BA6BA}"
EndProject
Project("{9A19103F-16F7-4668-BE54-9A1E7A4F7556}") = "ProductionMasterPostgreSQLDB", "Service\Production\Database\ProductionMasterPostgreSQLDB\ProductionMasterPostgreSQLDB.csproj", "{FEC0C73F-78B6-45E6-9A43-A8F687880D04}"
EndProject
Project("{9A19103F-16F7-4668-BE54-9A1E7A4F7556}") = "ProductionMasterAPI", "Service\Production\ProductionMasterAPI\ProductionMasterAPI.csproj", "{E6FBDC5F-3448-4B8C-92AA-E5EA02E3AE49}"
EndProject
Project("{9A19103F-16F7-4668-BE54-9A1E7A4F7556}") = "QualityMasterAPI", "Service\Quality\QualityMasterAPI\QualityMasterAPI.csproj", "{1641FFDB-95C7-4799-BB89-E03475452B0C}"
EndProject
Project("{9A19103F-16F7-4668-BE54-9A1E7A4F7556}") = "InventoryReportAPI", "Service\Inventory\InventoryReportAPI\InventoryReportAPI.csproj", "{BE696D82-7C3A-4BED-A86F-B5661C3666B0}"
EndProject
Project("{9A19103F-16F7-4668-BE54-9A1E7A4F7556}") = "ProductionReportAPI", "Service\Production\ProductionReportAPI\ProductionReportAPI.csproj", "{D1FE37D9-D800-41EC-BFCE-D7081866AFCD}"
EndProject
Project("{9A19103F-16F7-4668-BE54-9A1E7A4F7556}") = "MaintenanceMasterPostgreSQLDB", "Service\Maintenance\Database\MaintenanceMasterPostgreSQLDB\MaintenanceMasterPostgreSQLDB.csproj", "{6CF0FD97-89D6-429B-9F21-B970A6B1711D}"
EndProject
Project("{9A19103F-16F7-4668-BE54-9A1E7A4F7556}") = "QualityMasterPostgreSQLDB", "Service\Quality\Database\QualityMasterPostgreSQLDB\QualityMasterPostgreSQLDB.csproj", "{AE55191B-2F09-492D-9840-FC2B9496E574}"
EndProject
Project("{9A19103F-16F7-4668-BE54-9A1E7A4F7556}") = "QualityReportAPI", "Service\Quality\QualityReportAPI\QualityReportAPI.csproj", "{E3510631-BC37-4081-89FC-A53DD69DC5AC}"
EndProject
Project("{9A19103F-16F7-4668-BE54-9A1E7A4F7556}") = "QualityOperaterPostgreSQLDB", "Service\Quality\Database\QualityOperationPostgreSQLDB\QualityOperaterPostgreSQLDB.csproj", "{753B9BD3-5A2B-45FA-9AF2-FAB41B91E91B}"
EndProject
Project("{9A19103F-16F7-4668-BE54-9A1E7A4F7556}") = "InventoryOperationAPI", "Service\Inventory\InventoryOperationAPI\InventoryOperationAPI.csproj", "{03B98D6E-E96C-434D-BAA4-21461B4D3E88}"
EndProject
Project("{9A19103F-16F7-4668-BE54-9A1E7A4F7556}") = "InventoryOperaterPostgreSQLDB", "Service\Inventory\Database\InventoryOperationPostgreSQLDB\InventoryOperaterPostgreSQLDB.csproj", "{8AD7CC10-818B-4A3A-910A-330C83143E4D}"
EndProject
Project("{9A19103F-16F7-4668-BE54-9A1E7A4F7556}") = "MaintenanceOperationPostgreSQLDB", "Service\Maintenance\Database\MaintenanceOperationPostgreSQLDB\MaintenanceOperationPostgreSQLDB.csproj", "{6B28A962-E797-470C-8F66-18200273DAE8}"
EndProject
Project("{9A19103F-16F7-4668-BE54-9A1E7A4F7556}") = "ProductionOperationPostgreSQLDB", "Service\Production\Database\ProductionOperationPostgreSQLDB\ProductionOperationPostgreSQLDB.csproj", "{A1D29A2F-6CFF-463C-BE67-52DC1372097B}"
EndProject
Project("{9A19103F-16F7-4668-BE54-9A1E7A4F7556}") = "ProductionOperationAPI", "Service\Production\ProductionOperationAPI\ProductionOperationAPI.csproj", "{B8D87A5B-47DD-4A88-B5C5-F9EFD7272134}"
EndProject
Project("{9A19103F-16F7-4668-BE54-9A1E7A4F7556}") = "QualityOperationAPI", "Service\Quality\QualityOperationAPI\QualityOperationAPI.csproj", "{5C69F17A-D285-4ABF-95A6-B6AB53E765BB}"
EndProject
Project("{FAE04EC0-301F-11D3-BF4B-00C04F79EFBC}") = "GatewayYarpSolution", "Gateway\GatewayYarpSolution\GatewayYarpSolution.csproj", "{D69FA225-CBE5-4942-BDF3-7DE4BF8E6FAF}"
EndProject
Global
	GlobalSection(SolutionConfigurationPlatforms) = preSolution
		Debug|Any CPU = Debug|Any CPU
		Release|Any CPU = Release|Any CPU
	EndGlobalSection
	GlobalSection(ProjectConfigurationPlatforms) = postSolution
		{552E2FAA-93DD-485B-8E3F-B2EFD09A016B}.Debug|Any CPU.ActiveCfg = Debug|Any CPU
		{552E2FAA-93DD-485B-8E3F-B2EFD09A016B}.Debug|Any CPU.Build.0 = Debug|Any CPU
		{552E2FAA-93DD-485B-8E3F-B2EFD09A016B}.Release|Any CPU.ActiveCfg = Release|Any CPU
		{552E2FAA-93DD-485B-8E3F-B2EFD09A016B}.Release|Any CPU.Build.0 = Release|Any CPU
		{C614B1AE-A7CE-4CC1-AAC2-F962C80C4EF3}.Debug|Any CPU.ActiveCfg = Debug|Any CPU
		{C614B1AE-A7CE-4CC1-AAC2-F962C80C4EF3}.Debug|Any CPU.Build.0 = Debug|Any CPU
		{C614B1AE-A7CE-4CC1-AAC2-F962C80C4EF3}.Release|Any CPU.ActiveCfg = Release|Any CPU
		{C614B1AE-A7CE-4CC1-AAC2-F962C80C4EF3}.Release|Any CPU.Build.0 = Release|Any CPU
		{DD897CEB-70AF-41C7-AF53-E6C84E743BB9}.Debug|Any CPU.ActiveCfg = Debug|Any CPU
		{DD897CEB-70AF-41C7-AF53-E6C84E743BB9}.Debug|Any CPU.Build.0 = Debug|Any CPU
		{DD897CEB-70AF-41C7-AF53-E6C84E743BB9}.Release|Any CPU.ActiveCfg = Release|Any CPU
		{DD897CEB-70AF-41C7-AF53-E6C84E743BB9}.Release|Any CPU.Build.0 = Release|Any CPU
		{6D9DCB7A-6F96-408C-A031-D3235ED3716D}.Debug|Any CPU.ActiveCfg = Debug|Any CPU
		{6D9DCB7A-6F96-408C-A031-D3235ED3716D}.Debug|Any CPU.Build.0 = Debug|Any CPU
		{6D9DCB7A-6F96-408C-A031-D3235ED3716D}.Release|Any CPU.ActiveCfg = Release|Any CPU
		{6D9DCB7A-6F96-408C-A031-D3235ED3716D}.Release|Any CPU.Build.0 = Release|Any CPU
		{C550D0A0-3C77-464D-8099-E7EC23F97B32}.Debug|Any CPU.ActiveCfg = Debug|Any CPU
		{C550D0A0-3C77-464D-8099-E7EC23F97B32}.Debug|Any CPU.Build.0 = Debug|Any CPU
		{C550D0A0-3C77-464D-8099-E7EC23F97B32}.Release|Any CPU.ActiveCfg = Release|Any CPU
		{C550D0A0-3C77-464D-8099-E7EC23F97B32}.Release|Any CPU.Build.0 = Release|Any CPU
		{24C75FF3-6C8E-423F-B88D-9CA67547DACB}.Debug|Any CPU.ActiveCfg = Debug|Any CPU
		{24C75FF3-6C8E-423F-B88D-9CA67547DACB}.Debug|Any CPU.Build.0 = Debug|Any CPU
		{24C75FF3-6C8E-423F-B88D-9CA67547DACB}.Release|Any CPU.ActiveCfg = Release|Any CPU
		{24C75FF3-6C8E-423F-B88D-9CA67547DACB}.Release|Any CPU.Build.0 = Release|Any CPU
		{4E139C10-6484-455B-B396-00A56DB75AB8}.Debug|Any CPU.ActiveCfg = Debug|Any CPU
		{4E139C10-6484-455B-B396-00A56DB75AB8}.Debug|Any CPU.Build.0 = Debug|Any CPU
		{4E139C10-6484-455B-B396-00A56DB75AB8}.Release|Any CPU.ActiveCfg = Release|Any CPU
		{4E139C10-6484-455B-B396-00A56DB75AB8}.Release|Any CPU.Build.0 = Release|Any CPU
		{3BB4AECF-33F9-4EB6-B101-A2EA88E6A372}.Debug|Any CPU.ActiveCfg = Debug|Any CPU
		{3BB4AECF-33F9-4EB6-B101-A2EA88E6A372}.Debug|Any CPU.Build.0 = Debug|Any CPU
		{3BB4AECF-33F9-4EB6-B101-A2EA88E6A372}.Release|Any CPU.ActiveCfg = Release|Any CPU
		{3BB4AECF-33F9-4EB6-B101-A2EA88E6A372}.Release|Any CPU.Build.0 = Release|Any CPU
		{205CE5A6-6D93-4E3E-973A-CC5820F002EA}.Debug|Any CPU.ActiveCfg = Debug|Any CPU
		{205CE5A6-6D93-4E3E-973A-CC5820F002EA}.Debug|Any CPU.Build.0 = Debug|Any CPU
		{205CE5A6-6D93-4E3E-973A-CC5820F002EA}.Release|Any CPU.ActiveCfg = Release|Any CPU
		{205CE5A6-6D93-4E3E-973A-CC5820F002EA}.Release|Any CPU.Build.0 = Release|Any CPU
		{A5BE0B67-5413-4DB8-BCA4-ABB5EC60059D}.Debug|Any CPU.ActiveCfg = Debug|Any CPU
		{A5BE0B67-5413-4DB8-BCA4-ABB5EC60059D}.Debug|Any CPU.Build.0 = Debug|Any CPU
		{A5BE0B67-5413-4DB8-BCA4-ABB5EC60059D}.Release|Any CPU.ActiveCfg = Release|Any CPU
		{A5BE0B67-5413-4DB8-BCA4-ABB5EC60059D}.Release|Any CPU.Build.0 = Release|Any CPU
		{54BDD52D-7F42-4F48-B957-3158F1F32DD6}.Debug|Any CPU.ActiveCfg = Debug|Any CPU
		{54BDD52D-7F42-4F48-B957-3158F1F32DD6}.Debug|Any CPU.Build.0 = Debug|Any CPU
		{54BDD52D-7F42-4F48-B957-3158F1F32DD6}.Release|Any CPU.ActiveCfg = Release|Any CPU
		{54BDD52D-7F42-4F48-B957-3158F1F32DD6}.Release|Any CPU.Build.0 = Release|Any CPU
		{0EAA230B-31F9-40C5-8B8B-07B64B086D0D}.Debug|Any CPU.ActiveCfg = Debug|Any CPU
		{0EAA230B-31F9-40C5-8B8B-07B64B086D0D}.Debug|Any CPU.Build.0 = Debug|Any CPU
		{0EAA230B-31F9-40C5-8B8B-07B64B086D0D}.Release|Any CPU.ActiveCfg = Release|Any CPU
		{0EAA230B-31F9-40C5-8B8B-07B64B086D0D}.Release|Any CPU.Build.0 = Release|Any CPU
		{67619E4E-5649-49BF-ADCC-77326B01E8E7}.Debug|Any CPU.ActiveCfg = Debug|Any CPU
		{67619E4E-5649-49BF-ADCC-77326B01E8E7}.Debug|Any CPU.Build.0 = Debug|Any CPU
		{67619E4E-5649-49BF-ADCC-77326B01E8E7}.Release|Any CPU.ActiveCfg = Release|Any CPU
		{67619E4E-5649-49BF-ADCC-77326B01E8E7}.Release|Any CPU.Build.0 = Release|Any CPU
		{BC668242-42C7-4407-ADF1-928124EE6289}.Debug|Any CPU.ActiveCfg = Debug|Any CPU
		{BC668242-42C7-4407-ADF1-928124EE6289}.Debug|Any CPU.Build.0 = Debug|Any CPU
		{BC668242-42C7-4407-ADF1-928124EE6289}.Release|Any CPU.ActiveCfg = Release|Any CPU
		{BC668242-42C7-4407-ADF1-928124EE6289}.Release|Any CPU.Build.0 = Release|Any CPU
		{0F4E36A0-6F03-4C41-A8E8-855F3928051B}.Debug|Any CPU.ActiveCfg = Debug|Any CPU
		{0F4E36A0-6F03-4C41-A8E8-855F3928051B}.Debug|Any CPU.Build.0 = Debug|Any CPU
		{0F4E36A0-6F03-4C41-A8E8-855F3928051B}.Release|Any CPU.ActiveCfg = Release|Any CPU
		{0F4E36A0-6F03-4C41-A8E8-855F3928051B}.Release|Any CPU.Build.0 = Release|Any CPU
		{D1F32001-8BB6-408A-8B74-555F2A2BA6BA}.Debug|Any CPU.ActiveCfg = Debug|Any CPU
		{D1F32001-8BB6-408A-8B74-555F2A2BA6BA}.Debug|Any CPU.Build.0 = Debug|Any CPU
		{D1F32001-8BB6-408A-8B74-555F2A2BA6BA}.Release|Any CPU.ActiveCfg = Release|Any CPU
		{D1F32001-8BB6-408A-8B74-555F2A2BA6BA}.Release|Any CPU.Build.0 = Release|Any CPU
		{FEC0C73F-78B6-45E6-9A43-A8F687880D04}.Debug|Any CPU.ActiveCfg = Debug|Any CPU
		{FEC0C73F-78B6-45E6-9A43-A8F687880D04}.Debug|Any CPU.Build.0 = Debug|Any CPU
		{FEC0C73F-78B6-45E6-9A43-A8F687880D04}.Release|Any CPU.ActiveCfg = Release|Any CPU
		{FEC0C73F-78B6-45E6-9A43-A8F687880D04}.Release|Any CPU.Build.0 = Release|Any CPU
		{E6FBDC5F-3448-4B8C-92AA-E5EA02E3AE49}.Debug|Any CPU.ActiveCfg = Debug|Any CPU
		{E6FBDC5F-3448-4B8C-92AA-E5EA02E3AE49}.Debug|Any CPU.Build.0 = Debug|Any CPU
		{E6FBDC5F-3448-4B8C-92AA-E5EA02E3AE49}.Release|Any CPU.ActiveCfg = Release|Any CPU
		{E6FBDC5F-3448-4B8C-92AA-E5EA02E3AE49}.Release|Any CPU.Build.0 = Release|Any CPU
		{1641FFDB-95C7-4799-BB89-E03475452B0C}.Debug|Any CPU.ActiveCfg = Debug|Any CPU
		{1641FFDB-95C7-4799-BB89-E03475452B0C}.Debug|Any CPU.Build.0 = Debug|Any CPU
		{1641FFDB-95C7-4799-BB89-E03475452B0C}.Release|Any CPU.ActiveCfg = Release|Any CPU
		{1641FFDB-95C7-4799-BB89-E03475452B0C}.Release|Any CPU.Build.0 = Release|Any CPU
		{BE696D82-7C3A-4BED-A86F-B5661C3666B0}.Debug|Any CPU.ActiveCfg = Debug|Any CPU
		{BE696D82-7C3A-4BED-A86F-B5661C3666B0}.Debug|Any CPU.Build.0 = Debug|Any CPU
		{BE696D82-7C3A-4BED-A86F-B5661C3666B0}.Release|Any CPU.ActiveCfg = Release|Any CPU
		{BE696D82-7C3A-4BED-A86F-B5661C3666B0}.Release|Any CPU.Build.0 = Release|Any CPU
		{D1FE37D9-D800-41EC-BFCE-D7081866AFCD}.Debug|Any CPU.ActiveCfg = Debug|Any CPU
		{D1FE37D9-D800-41EC-BFCE-D7081866AFCD}.Debug|Any CPU.Build.0 = Debug|Any CPU
		{D1FE37D9-D800-41EC-BFCE-D7081866AFCD}.Release|Any CPU.ActiveCfg = Release|Any CPU
		{D1FE37D9-D800-41EC-BFCE-D7081866AFCD}.Release|Any CPU.Build.0 = Release|Any CPU
		{6CF0FD97-89D6-429B-9F21-B970A6B1711D}.Debug|Any CPU.ActiveCfg = Debug|Any CPU
		{6CF0FD97-89D6-429B-9F21-B970A6B1711D}.Debug|Any CPU.Build.0 = Debug|Any CPU
		{6CF0FD97-89D6-429B-9F21-B970A6B1711D}.Release|Any CPU.ActiveCfg = Release|Any CPU
		{6CF0FD97-89D6-429B-9F21-B970A6B1711D}.Release|Any CPU.Build.0 = Release|Any CPU
		{AE55191B-2F09-492D-9840-FC2B9496E574}.Debug|Any CPU.ActiveCfg = Debug|Any CPU
		{AE55191B-2F09-492D-9840-FC2B9496E574}.Debug|Any CPU.Build.0 = Debug|Any CPU
		{AE55191B-2F09-492D-9840-FC2B9496E574}.Release|Any CPU.ActiveCfg = Release|Any CPU
		{AE55191B-2F09-492D-9840-FC2B9496E574}.Release|Any CPU.Build.0 = Release|Any CPU
		{E3510631-BC37-4081-89FC-A53DD69DC5AC}.Debug|Any CPU.ActiveCfg = Debug|Any CPU
		{E3510631-BC37-4081-89FC-A53DD69DC5AC}.Debug|Any CPU.Build.0 = Debug|Any CPU
		{E3510631-BC37-4081-89FC-A53DD69DC5AC}.Release|Any CPU.ActiveCfg = Release|Any CPU
		{E3510631-BC37-4081-89FC-A53DD69DC5AC}.Release|Any CPU.Build.0 = Release|Any CPU
		{753B9BD3-5A2B-45FA-9AF2-FAB41B91E91B}.Debug|Any CPU.ActiveCfg = Debug|Any CPU
		{753B9BD3-5A2B-45FA-9AF2-FAB41B91E91B}.Debug|Any CPU.Build.0 = Debug|Any CPU
		{753B9BD3-5A2B-45FA-9AF2-FAB41B91E91B}.Release|Any CPU.ActiveCfg = Release|Any CPU
		{753B9BD3-5A2B-45FA-9AF2-FAB41B91E91B}.Release|Any CPU.Build.0 = Release|Any CPU
		{03B98D6E-E96C-434D-BAA4-21461B4D3E88}.Debug|Any CPU.ActiveCfg = Debug|Any CPU
		{03B98D6E-E96C-434D-BAA4-21461B4D3E88}.Debug|Any CPU.Build.0 = Debug|Any CPU
		{03B98D6E-E96C-434D-BAA4-21461B4D3E88}.Release|Any CPU.ActiveCfg = Release|Any CPU
		{03B98D6E-E96C-434D-BAA4-21461B4D3E88}.Release|Any CPU.Build.0 = Release|Any CPU
		{8AD7CC10-818B-4A3A-910A-330C83143E4D}.Debug|Any CPU.ActiveCfg = Debug|Any CPU
		{8AD7CC10-818B-4A3A-910A-330C83143E4D}.Debug|Any CPU.Build.0 = Debug|Any CPU
		{8AD7CC10-818B-4A3A-910A-330C83143E4D}.Release|Any CPU.ActiveCfg = Release|Any CPU
		{8AD7CC10-818B-4A3A-910A-330C83143E4D}.Release|Any CPU.Build.0 = Release|Any CPU
		{6B28A962-E797-470C-8F66-18200273DAE8}.Debug|Any CPU.ActiveCfg = Debug|Any CPU
		{6B28A962-E797-470C-8F66-18200273DAE8}.Debug|Any CPU.Build.0 = Debug|Any CPU
		{6B28A962-E797-470C-8F66-18200273DAE8}.Release|Any CPU.ActiveCfg = Release|Any CPU
		{6B28A962-E797-470C-8F66-18200273DAE8}.Release|Any CPU.Build.0 = Release|Any CPU
		{A1D29A2F-6CFF-463C-BE67-52DC1372097B}.Debug|Any CPU.ActiveCfg = Debug|Any CPU
		{A1D29A2F-6CFF-463C-BE67-52DC1372097B}.Debug|Any CPU.Build.0 = Debug|Any CPU
		{A1D29A2F-6CFF-463C-BE67-52DC1372097B}.Release|Any CPU.ActiveCfg = Release|Any CPU
		{A1D29A2F-6CFF-463C-BE67-52DC1372097B}.Release|Any CPU.Build.0 = Release|Any CPU
		{B8D87A5B-47DD-4A88-B5C5-F9EFD7272134}.Debug|Any CPU.ActiveCfg = Debug|Any CPU
		{B8D87A5B-47DD-4A88-B5C5-F9EFD7272134}.Debug|Any CPU.Build.0 = Debug|Any CPU
		{B8D87A5B-47DD-4A88-B5C5-F9EFD7272134}.Release|Any CPU.ActiveCfg = Release|Any CPU
		{B8D87A5B-47DD-4A88-B5C5-F9EFD7272134}.Release|Any CPU.Build.0 = Release|Any CPU
		{5C69F17A-D285-4ABF-95A6-B6AB53E765BB}.Debug|Any CPU.ActiveCfg = Debug|Any CPU
		{5C69F17A-D285-4ABF-95A6-B6AB53E765BB}.Debug|Any CPU.Build.0 = Debug|Any CPU
		{5C69F17A-D285-4ABF-95A6-B6AB53E765BB}.Release|Any CPU.ActiveCfg = Release|Any CPU
		{5C69F17A-D285-4ABF-95A6-B6AB53E765BB}.Release|Any CPU.Build.0 = Release|Any CPU
		{D69FA225-CBE5-4942-BDF3-7DE4BF8E6FAF}.Debug|Any CPU.ActiveCfg = Debug|Any CPU
		{D69FA225-CBE5-4942-BDF3-7DE4BF8E6FAF}.Debug|Any CPU.Build.0 = Debug|Any CPU
		{D69FA225-CBE5-4942-BDF3-7DE4BF8E6FAF}.Release|Any CPU.ActiveCfg = Release|Any CPU
		{D69FA225-CBE5-4942-BDF3-7DE4BF8E6FAF}.Release|Any CPU.Build.0 = Release|Any CPU
	EndGlobalSection
	GlobalSection(SolutionProperties) = preSolution
		HideSolutionNode = FALSE
	EndGlobalSection
	GlobalSection(NestedProjects) = preSolution
		{552E2FAA-93DD-485B-8E3F-B2EFD09A016B} = {982EE991-A3F2-42D9-90C7-E8E7D920CC49}
		{C614B1AE-A7CE-4CC1-AAC2-F962C80C4EF3} = {5AA9E54B-0486-477B-B620-423350F4FEEC}
		{A60DF327-8055-4885-B173-68D23A86569D} = {04BB5789-B253-41A3-8530-79552EC4CA9A}
		{6D9DCB7A-6F96-408C-A031-D3235ED3716D} = {6D8F3A3F-BA03-474E-BA01-FCF85D50BE14}
		{F050F203-B211-41E9-906B-435A3FB1CE65} = {04BB5789-B253-41A3-8530-79552EC4CA9A}
		{C550D0A0-3C77-464D-8099-E7EC23F97B32} = {A60DF327-8055-4885-B173-68D23A86569D}
		{24C75FF3-6C8E-423F-B88D-9CA67547DACB} = {A60DF327-8055-4885-B173-68D23A86569D}
		{4E139C10-6484-455B-B396-00A56DB75AB8} = {A60DF327-8055-4885-B173-68D23A86569D}
		{3BB4AECF-33F9-4EB6-B101-A2EA88E6A372} = {A60DF327-8055-4885-B173-68D23A86569D}
		{205CE5A6-6D93-4E3E-973A-CC5820F002EA} = {A60DF327-8055-4885-B173-68D23A86569D}
		{A5BE0B67-5413-4DB8-BCA4-ABB5EC60059D} = {982EE991-A3F2-42D9-90C7-E8E7D920CC49}
		{46FC3199-505A-4C0F-A590-7905AB02C74C} = {F050F203-B211-41E9-906B-435A3FB1CE65}
		{54BDD52D-7F42-4F48-B957-3158F1F32DD6} = {46FC3199-505A-4C0F-A590-7905AB02C74C}
		{0EAA230B-31F9-40C5-8B8B-07B64B086D0D} = {46FC3199-505A-4C0F-A590-7905AB02C74C}
		{D0381205-ED4D-437F-85B2-F3D257ADB977} = {F050F203-B211-41E9-906B-435A3FB1CE65}
		{C0449D6C-4184-4093-A502-72A180B5BAC4} = {F050F203-B211-41E9-906B-435A3FB1CE65}
		{0248271C-8CB8-492E-877E-4C2681A91062} = {F050F203-B211-41E9-906B-435A3FB1CE65}
		{C96DAB73-B2C9-46D5-8528-FF6E6931ECA1} = {F050F203-B211-41E9-906B-435A3FB1CE65}
		{67619E4E-5649-49BF-ADCC-77326B01E8E7} = {46FC3199-505A-4C0F-A590-7905AB02C74C}
		{BC668242-42C7-4407-ADF1-928124EE6289} = {DED57044-2A2D-44A8-9223-F236679FE9E0}
		{0F4E36A0-6F03-4C41-A8E8-855F3928051B} = {C0449D6C-4184-4093-A502-72A180B5BAC4}
		{950846C0-325C-4633-9B8E-46EAAEB6BDD6} = {C0449D6C-4184-4093-A502-72A180B5BAC4}
		{4F9ABF67-0E08-4E8D-BE20-E5423FD13941} = {D0381205-ED4D-437F-85B2-F3D257ADB977}
		{839435DD-6B1A-4CB7-8244-0D02E91D006F} = {0248271C-8CB8-492E-877E-4C2681A91062}
		{A5FEDD70-0B6A-4E20-9289-A1070DAA25C5} = {C96DAB73-B2C9-46D5-8528-FF6E6931ECA1}
		{D1F32001-8BB6-408A-8B74-555F2A2BA6BA} = {950846C0-325C-4633-9B8E-46EAAEB6BDD6}
		{FEC0C73F-78B6-45E6-9A43-A8F687880D04} = {4F9ABF67-0E08-4E8D-BE20-E5423FD13941}
		{E6FBDC5F-3448-4B8C-92AA-E5EA02E3AE49} = {D0381205-ED4D-437F-85B2-F3D257ADB977}
		{1641FFDB-95C7-4799-BB89-E03475452B0C} = {0248271C-8CB8-492E-877E-4C2681A91062}
		{BE696D82-7C3A-4BED-A86F-B5661C3666B0} = {C0449D6C-4184-4093-A502-72A180B5BAC4}
		{D1FE37D9-D800-41EC-BFCE-D7081866AFCD} = {D0381205-ED4D-437F-85B2-F3D257ADB977}
		{6CF0FD97-89D6-429B-9F21-B970A6B1711D} = {A5FEDD70-0B6A-4E20-9289-A1070DAA25C5}
		{AE55191B-2F09-492D-9840-FC2B9496E574} = {839435DD-6B1A-4CB7-8244-0D02E91D006F}
		{E3510631-BC37-4081-89FC-A53DD69DC5AC} = {0248271C-8CB8-492E-877E-4C2681A91062}
		{753B9BD3-5A2B-45FA-9AF2-FAB41B91E91B} = {839435DD-6B1A-4CB7-8244-0D02E91D006F}
		{03B98D6E-E96C-434D-BAA4-21461B4D3E88} = {C0449D6C-4184-4093-A502-72A180B5BAC4}
		{8AD7CC10-818B-4A3A-910A-330C83143E4D} = {950846C0-325C-4633-9B8E-46EAAEB6BDD6}
		{6B28A962-E797-470C-8F66-18200273DAE8} = {A5FEDD70-0B6A-4E20-9289-A1070DAA25C5}
		{A1D29A2F-6CFF-463C-BE67-52DC1372097B} = {4F9ABF67-0E08-4E8D-BE20-E5423FD13941}
		{B8D87A5B-47DD-4A88-B5C5-F9EFD7272134} = {D0381205-ED4D-437F-85B2-F3D257ADB977}
		{5C69F17A-D285-4ABF-95A6-B6AB53E765BB} = {0248271C-8CB8-492E-877E-4C2681A91062}
		{D69FA225-CBE5-4942-BDF3-7DE4BF8E6FAF} = {5AA9E54B-0486-477B-B620-423350F4FEEC}
	EndGlobalSection
	GlobalSection(ExtensibilityGlobals) = postSolution
		SolutionGuid = {125187A8-A848-410A-9451-657AF4E882CD}
	EndGlobalSection
EndGlobal
